{
  "version": 4,
  "terraform_version": "0.12.8",
  "serial": 37,
  "lineage": "275997bd-c44c-ffe0-4090-94e5e7f63ae2",
  "outputs": {
    "bucket_name": {
      "value": "evilcorp-evilbucket-1123581321",
      "type": "string"
    }
  },
  "resources": [
    {
      "mode": "managed",
      "type": "aws_s3_bucket",
      "name": "AWS-secgame-mission1-evilcorp-evilbucket",
      "provider": "provider.aws",
      "instances": [
        {
          "schema_version": 0,
          "attributes": {
            "acceleration_status": "",
            "acl": "public-read",
            "arn": "arn:aws:s3:::evilcorp-evilbucket-1123581321",
            "bucket": "evilcorp-evilbucket-1123581321",
            "bucket_domain_name": "evilcorp-evilbucket-1123581321.s3.amazonaws.com",
            "bucket_prefix": null,
            "bucket_regional_domain_name": "evilcorp-evilbucket-1123581321.s3.amazonaws.com",
            "cors_rule": [],
            "force_destroy": true,
            "hosted_zone_id": "Z3AQBSTGFYJSTF",
            "id": "evilcorp-evilbucket-1123581321",
            "lifecycle_rule": [],
            "logging": [],
            "object_lock_configuration": [],
            "policy": null,
            "region": "us-east-1",
            "replication_configuration": [],
            "request_payer": "BucketOwner",
            "server_side_encryption_configuration": [],
            "tags": {
              "Name": "evilcorp-evilbucket-1123581321"
            },
            "versioning": [
              {
                "enabled": false,
                "mfa_delete": false
              }
            ],
            "website": [],
            "website_domain": null,
            "website_endpoint": null
          },
          "private": "bnVsbA=="
        }
      ]
    },
    {
      "mode": "managed",
      "type": "aws_s3_bucket_object",
      "name": "extremely-evil-access-code",
      "provider": "provider.aws",
      "instances": [
        {
          "schema_version": 0,
          "attributes": {
            "acl": "public-read",
            "bucket": "evilcorp-evilbucket-1123581321",
            "cache_control": "",
            "content": null,
            "content_base64": null,
            "content_disposition": "",
            "content_encoding": "",
            "content_language": "",
            "content_type": "binary/octet-stream",
            "etag": "cc269ff13e630698710ae8c1e3827a90",
            "force_destroy": false,
            "id": "extremely-evil-access-code.txt",
            "key": "extremely-evil-access-code.txt",
            "kms_key_id": null,
            "metadata": null,
            "object_lock_legal_hold_status": "",
            "object_lock_mode": "",
            "object_lock_retain_until_date": "",
            "server_side_encryption": "",
            "source": "../evilcorp-evilbucket-data/extremely-evil-access-code.txt",
            "storage_class": "STANDARD",
            "tags": {
              "Name": "AWS-secgame-mission1-evilcorp-evilbucket-data-1123581321"
            },
            "version_id": "",
            "website_redirect": ""
          },
          "private": "bnVsbA==",
          "depends_on": [
            "aws_s3_bucket.AWS-secgame-mission1-evilcorp-evilbucket"
          ]
        }
      ]
    },
    {
      "mode": "managed",
      "type": "aws_s3_bucket_object",
      "name": "extremely-evil-git-folder1",
      "provider": "provider.aws",
      "instances": [
        {
          "schema_version": 0,
          "attributes": {
            "acl": "public-read",
            "bucket": "evilcorp-evilbucket-1123581321",
            "cache_control": "",
            "content": null,
            "content_base64": null,
            "content_disposition": "",
            "content_encoding": "",
            "content_language": "",
            "content_type": "binary/octet-stream",
            "etag": "517f14b9239689dff8bda3022ebd9004",
            "force_destroy": false,
            "id": ".git/hooks/update.sample",
            "key": ".git/hooks/update.sample",
            "kms_key_id": null,
            "metadata": null,
            "object_lock_legal_hold_status": "",
            "object_lock_mode": "",
            "object_lock_retain_until_date": "",
            "server_side_encryption": "",
            "source": "../evilcorp-evilbucket-data/.git/hooks/update.sample",
            "storage_class": "STANDARD",
            "tags": {
              "Name": "AWS-secgame-mission1-evilcorp-evilbucket-data-1123581321"
            },
            "version_id": "",
            "website_redirect": ""
          },
          "private": "bnVsbA==",
          "depends_on": [
            "aws_s3_bucket.AWS-secgame-mission1-evilcorp-evilbucket"
          ]
        }
      ]
    },
    {
      "mode": "managed",
      "type": "aws_s3_bucket_object",
      "name": "extremely-evil-git-folder10",
      "provider": "provider.aws",
      "instances": [
        {
          "schema_version": 0,
          "attributes": {
            "acl": "public-read",
            "bucket": "evilcorp-evilbucket-1123581321",
            "cache_control": "",
            "content": null,
            "content_base64": null,
            "content_disposition": "",
            "content_encoding": "",
            "content_language": "",
            "content_type": "binary/octet-stream",
            "etag": "579a3c1e12a1e74a98169175fb913012",
            "force_destroy": false,
            "id": ".git/hooks/commit-msg.sample",
            "key": ".git/hooks/commit-msg.sample",
            "kms_key_id": null,
            "metadata": null,
            "object_lock_legal_hold_status": "",
            "object_lock_mode": "",
            "object_lock_retain_until_date": "",
            "server_side_encryption": "",
            "source": "../evilcorp-evilbucket-data/.git/hooks/commit-msg.sample",
            "storage_class": "STANDARD",
            "tags": {
              "Name": "AWS-secgame-mission1-evilcorp-evilbucket-data-1123581321"
            },
            "version_id": "",
            "website_redirect": ""
          },
          "private": "bnVsbA==",
          "depends_on": [
            "aws_s3_bucket.AWS-secgame-mission1-evilcorp-evilbucket"
          ]
        }
      ]
    },
    {
      "mode": "managed",
      "type": "aws_s3_bucket_object",
      "name": "extremely-evil-git-folder11",
      "provider": "provider.aws",
      "instances": [
        {
          "schema_version": 0,
          "attributes": {
            "acl": "public-read",
            "bucket": "evilcorp-evilbucket-1123581321",
            "cache_control": "",
            "content": null,
            "content_base64": null,
            "content_disposition": "",
            "content_encoding": "",
            "content_language": "",
            "content_type": "binary/octet-stream",
            "etag": "ecbb0cb5ffb7d773cd5b2407b210cc3b",
            "force_destroy": false,
            "id": ".git/hooks/fsmonitor-watchman.sample",
            "key": ".git/hooks/fsmonitor-watchman.sample",
            "kms_key_id": null,
            "metadata": null,
            "object_lock_legal_hold_status": "",
            "object_lock_mode": "",
            "object_lock_retain_until_date": "",
            "server_side_encryption": "",
            "source": "../evilcorp-evilbucket-data/.git/hooks/fsmonitor-watchman.sample",
            "storage_class": "STANDARD",
            "tags": {
              "Name": "AWS-secgame-mission1-evilcorp-evilbucket-data-1123581321"
            },
            "version_id": "",
            "website_redirect": ""
          },
          "private": "bnVsbA==",
          "depends_on": [
            "aws_s3_bucket.AWS-secgame-mission1-evilcorp-evilbucket"
          ]
        }
      ]
    },
    {
      "mode": "managed",
      "type": "aws_s3_bucket_object",
      "name": "extremely-evil-git-folder12",
      "provider": "provider.aws",
      "instances": [
        {
          "schema_version": 0,
          "attributes": {
            "acl": "public-read",
            "bucket": "evilcorp-evilbucket-1123581321",
            "cache_control": "",
            "content": null,
            "content_base64": null,
            "content_disposition": "",
            "content_encoding": "",
            "content_language": "",
            "content_type": "binary/octet-stream",
            "etag": "a0a7c3fff21f2aea3cfa1d0316dd816c",
            "force_destroy": false,
            "id": ".git/description",
            "key": ".git/description",
            "kms_key_id": null,
            "metadata": null,
            "object_lock_legal_hold_status": "",
            "object_lock_mode": "",
            "object_lock_retain_until_date": "",
            "server_side_encryption": "",
            "source": "../evilcorp-evilbucket-data/.git/description",
            "storage_class": "STANDARD",
            "tags": {
              "Name": "AWS-secgame-mission1-evilcorp-evilbucket-data-1123581321"
            },
            "version_id": "",
            "website_redirect": ""
          },
          "private": "bnVsbA==",
          "depends_on": [
            "aws_s3_bucket.AWS-secgame-mission1-evilcorp-evilbucket"
          ]
        }
      ]
    },
    {
      "mode": "managed",
      "type": "aws_s3_bucket_object",
      "name": "extremely-evil-git-folder13",
      "provider": "provider.aws",
      "instances": [
        {
          "schema_version": 0,
          "attributes": {
            "acl": "public-read",
            "bucket": "evilcorp-evilbucket-1123581321",
            "cache_control": "",
            "content": null,
            "content_base64": null,
            "content_disposition": "",
            "content_encoding": "",
            "content_language": "",
            "content_type": "binary/octet-stream",
            "etag": "4cf2d64e44205fe628ddd534e1151b58",
            "force_destroy": false,
            "id": ".git/HEAD",
            "key": ".git/HEAD",
            "kms_key_id": null,
            "metadata": null,
            "object_lock_legal_hold_status": "",
            "object_lock_mode": "",
            "object_lock_retain_until_date": "",
            "server_side_encryption": "",
            "source": "../evilcorp-evilbucket-data/.git/HEAD",
            "storage_class": "STANDARD",
            "tags": {
              "Name": "AWS-secgame-mission1-evilcorp-evilbucket-data-1123581321"
            },
            "version_id": "",
            "website_redirect": ""
          },
          "private": "bnVsbA==",
          "depends_on": [
            "aws_s3_bucket.AWS-secgame-mission1-evilcorp-evilbucket"
          ]
        }
      ]
    },
    {
      "mode": "managed",
      "type": "aws_s3_bucket_object",
      "name": "extremely-evil-git-folder14",
      "provider": "provider.aws",
      "instances": [
        {
          "schema_version": 0,
          "attributes": {
            "acl": "public-read",
            "bucket": "evilcorp-evilbucket-1123581321",
            "cache_control": "",
            "content": null,
            "content_base64": null,
            "content_disposition": "",
            "content_encoding": "",
            "content_language": "",
            "content_type": "binary/octet-stream",
            "etag": "34c906261c6da99479836c404446a3db",
            "force_destroy": false,
            "id": ".git/objects/4d/6d8a8d537c12f30960cd6ffb74a207c3e41357",
            "key": ".git/objects/4d/6d8a8d537c12f30960cd6ffb74a207c3e41357",
            "kms_key_id": null,
            "metadata": null,
            "object_lock_legal_hold_status": "",
            "object_lock_mode": "",
            "object_lock_retain_until_date": "",
            "server_side_encryption": "",
            "source": "../evilcorp-evilbucket-data/.git/objects/4d/6d8a8d537c12f30960cd6ffb74a207c3e41357",
            "storage_class": "STANDARD",
            "tags": {
              "Name": "AWS-secgame-mission1-evilcorp-evilbucket-data-1123581321"
            },
            "version_id": "",
            "website_redirect": ""
          },
          "private": "bnVsbA==",
          "depends_on": [
            "aws_s3_bucket.AWS-secgame-mission1-evilcorp-evilbucket"
          ]
        }
      ]
    },
    {
      "mode": "managed",
      "type": "aws_s3_bucket_object",
      "name": "extremely-evil-git-folder15",
      "provider": "provider.aws",
      "instances": [
        {
          "schema_version": 0,
          "attributes": {
            "acl": "public-read",
            "bucket": "evilcorp-evilbucket-1123581321",
            "cache_control": "",
            "content": null,
            "content_base64": null,
            "content_disposition": "",
            "content_encoding": "",
            "content_language": "",
            "content_type": "binary/octet-stream",
            "etag": "ccf5231fdf9d0d51e021c44a81b95f80",
            "force_destroy": false,
            "id": ".git/objects/74/7a6aae67a712517ca671d7310d2e817b9ecc62",
            "key": ".git/objects/74/7a6aae67a712517ca671d7310d2e817b9ecc62",
            "kms_key_id": null,
            "metadata": null,
            "object_lock_legal_hold_status": "",
            "object_lock_mode": "",
            "object_lock_retain_until_date": "",
            "server_side_encryption": "",
            "source": "../evilcorp-evilbucket-data/.git/objects/74/7a6aae67a712517ca671d7310d2e817b9ecc62",
            "storage_class": "STANDARD",
            "tags": {
              "Name": "AWS-secgame-mission1-evilcorp-evilbucket-data-1123581321"
            },
            "version_id": "",
            "website_redirect": ""
          },
          "private": "bnVsbA==",
          "depends_on": [
            "aws_s3_bucket.AWS-secgame-mission1-evilcorp-evilbucket"
          ]
        }
      ]
    },
    {
      "mode": "managed",
      "type": "aws_s3_bucket_object",
      "name": "extremely-evil-git-folder16",
      "provider": "provider.aws",
      "instances": [
        {
          "schema_version": 0,
          "attributes": {
            "acl": "public-read",
            "bucket": "evilcorp-evilbucket-1123581321",
            "cache_control": "",
            "content": null,
            "content_base64": null,
            "content_disposition": "",
            "content_encoding": "",
            "content_language": "",
            "content_type": "binary/octet-stream",
            "etag": "7100c812d0c216e80bd93713a6ebce59",
            "force_destroy": false,
            "id": ".git/objects/86/972d85f2771f3203957ebc15fe85958a31a335",
            "key": ".git/objects/86/972d85f2771f3203957ebc15fe85958a31a335",
            "kms_key_id": null,
            "metadata": null,
            "object_lock_legal_hold_status": "",
            "object_lock_mode": "",
            "object_lock_retain_until_date": "",
            "server_side_encryption": "",
            "source": "../evilcorp-evilbucket-data/.git/objects/86/972d85f2771f3203957ebc15fe85958a31a335",
            "storage_class": "STANDARD",
            "tags": {
              "Name": "AWS-secgame-mission1-evilcorp-evilbucket-data-1123581321"
            },
            "version_id": "",
            "website_redirect": ""
          },
          "private": "bnVsbA==",
          "depends_on": [
            "aws_s3_bucket.AWS-secgame-mission1-evilcorp-evilbucket"
          ]
        }
      ]
    },
    {
      "mode": "managed",
      "type": "aws_s3_bucket_object",
      "name": "extremely-evil-git-folder17",
      "provider": "provider.aws",
      "instances": [
        {
          "schema_version": 0,
          "attributes": {
            "acl": "public-read",
            "bucket": "evilcorp-evilbucket-1123581321",
            "cache_control": "",
            "content": null,
            "content_base64": null,
            "content_disposition": "",
            "content_encoding": "",
            "content_language": "",
            "content_type": "binary/octet-stream",
            "etag": "59e52b66cd53cfdaf673a67cb7ebc79a",
            "force_destroy": false,
            "id": ".git/objects/a9/01e6822448751707b618ef5ef966159f003d02",
            "key": ".git/objects/a9/01e6822448751707b618ef5ef966159f003d02",
            "kms_key_id": null,
            "metadata": null,
            "object_lock_legal_hold_status": "",
            "object_lock_mode": "",
            "object_lock_retain_until_date": "",
            "server_side_encryption": "",
            "source": "../evilcorp-evilbucket-data/.git/objects/a9/01e6822448751707b618ef5ef966159f003d02",
            "storage_class": "STANDARD",
            "tags": {
              "Name": "AWS-secgame-mission1-evilcorp-evilbucket-data-1123581321"
            },
            "version_id": "",
            "website_redirect": ""
          },
          "private": "bnVsbA==",
          "depends_on": [
            "aws_s3_bucket.AWS-secgame-mission1-evilcorp-evilbucket"
          ]
        }
      ]
    },
    {
      "mode": "managed",
      "type": "aws_s3_bucket_object",
      "name": "extremely-evil-git-folder18",
      "provider": "provider.aws",
      "instances": [
        {
          "schema_version": 0,
          "attributes": {
            "acl": "public-read",
            "bucket": "evilcorp-evilbucket-1123581321",
            "cache_control": "",
            "content": null,
            "content_base64": null,
            "content_disposition": "",
            "content_encoding": "",
            "content_language": "",
            "content_type": "binary/octet-stream",
            "etag": "85098706d56cd54e570789364b3a1deb",
            "force_destroy": false,
            "id": ".git/objects/e9/bfadd3a7dbd3d7bc2bb8fdf61e95892046bf24",
            "key": ".git/objects/e9/bfadd3a7dbd3d7bc2bb8fdf61e95892046bf24",
            "kms_key_id": null,
            "metadata": null,
            "object_lock_legal_hold_status": "",
            "object_lock_mode": "",
            "object_lock_retain_until_date": "",
            "server_side_encryption": "",
            "source": "../evilcorp-evilbucket-data/.git/objects/e9/bfadd3a7dbd3d7bc2bb8fdf61e95892046bf24",
            "storage_class": "STANDARD",
            "tags": {
              "Name": "AWS-secgame-mission1-evilcorp-evilbucket-data-1123581321"
            },
            "version_id": "",
            "website_redirect": ""
          },
          "private": "bnVsbA==",
          "depends_on": [
            "aws_s3_bucket.AWS-secgame-mission1-evilcorp-evilbucket"
          ]
        }
      ]
    },
    {
      "mode": "managed",
      "type": "aws_s3_bucket_object",
      "name": "extremely-evil-git-folder19",
      "provider": "provider.aws",
      "instances": [
        {
          "schema_version": 0,
          "attributes": {
            "acl": "public-read",
            "bucket": "evilcorp-evilbucket-1123581321",
            "cache_control": "",
            "content": null,
            "content_base64": null,
            "content_disposition": "",
            "content_encoding": "",
            "content_language": "",
            "content_type": "binary/octet-stream",
            "etag": "be7aeaa013248385d53aeec6acde4cae",
            "force_destroy": false,
            "id": ".git/objects/ff/e15afca9c23ec64b0c53c9ad33531240e548ee",
            "key": ".git/objects/ff/e15afca9c23ec64b0c53c9ad33531240e548ee",
            "kms_key_id": null,
            "metadata": null,
            "object_lock_legal_hold_status": "",
            "object_lock_mode": "",
            "object_lock_retain_until_date": "",
            "server_side_encryption": "",
            "source": "../evilcorp-evilbucket-data/.git/objects/ff/e15afca9c23ec64b0c53c9ad33531240e548ee",
            "storage_class": "STANDARD",
            "tags": {
              "Name": "AWS-secgame-mission1-evilcorp-evilbucket-data-1123581321"
            },
            "version_id": "",
            "website_redirect": ""
          },
          "private": "bnVsbA==",
          "depends_on": [
            "aws_s3_bucket.AWS-secgame-mission1-evilcorp-evilbucket"
          ]
        }
      ]
    },
    {
      "mode": "managed",
      "type": "aws_s3_bucket_object",
      "name": "extremely-evil-git-folder2",
      "provider": "provider.aws",
      "instances": [
        {
          "schema_version": 0,
          "attributes": {
            "acl": "public-read",
            "bucket": "evilcorp-evilbucket-1123581321",
            "cache_control": "",
            "content": null,
            "content_base64": null,
            "content_disposition": "",
            "content_encoding": "",
            "content_language": "",
            "content_type": "binary/octet-stream",
            "etag": "054f9ffb8bfe04a599751cc757226dda",
            "force_destroy": false,
            "id": ".git/hooks/pre-applypatch.sample",
            "key": ".git/hooks/pre-applypatch.sample",
            "kms_key_id": null,
            "metadata": null,
            "object_lock_legal_hold_status": "",
            "object_lock_mode": "",
            "object_lock_retain_until_date": "",
            "server_side_encryption": "",
            "source": "../evilcorp-evilbucket-data/.git/hooks/pre-applypatch.sample",
            "storage_class": "STANDARD",
            "tags": {
              "Name": "AWS-secgame-mission1-evilcorp-evilbucket-data-1123581321"
            },
            "version_id": "",
            "website_redirect": ""
          },
          "private": "bnVsbA==",
          "depends_on": [
            "aws_s3_bucket.AWS-secgame-mission1-evilcorp-evilbucket"
          ]
        }
      ]
    },
    {
      "mode": "managed",
      "type": "aws_s3_bucket_object",
      "name": "extremely-evil-git-folder20",
      "provider": "provider.aws",
      "instances": [
        {
          "schema_version": 0,
          "attributes": {
            "acl": "public-read",
            "bucket": "evilcorp-evilbucket-1123581321",
            "cache_control": "",
            "content": null,
            "content_base64": null,
            "content_disposition": "",
            "content_encoding": "",
            "content_language": "",
            "content_type": "binary/octet-stream",
            "etag": "1e331b6e378b1fe41edeb4446bb741cb",
            "force_destroy": false,
            "id": ".git/objects/7b/5e91f20f3c7333c61139aee5bffd6cadffe6cb",
            "key": ".git/objects/7b/5e91f20f3c7333c61139aee5bffd6cadffe6cb",
            "kms_key_id": null,
            "metadata": null,
            "object_lock_legal_hold_status": "",
            "object_lock_mode": "",
            "object_lock_retain_until_date": "",
            "server_side_encryption": "",
            "source": "../evilcorp-evilbucket-data/.git/objects/7b/5e91f20f3c7333c61139aee5bffd6cadffe6cb",
            "storage_class": "STANDARD",
            "tags": {
              "Name": "AWS-secgame-mission1-evilcorp-evilbucket-data-1123581321"
            },
            "version_id": "",
            "website_redirect": ""
          },
          "private": "bnVsbA==",
          "depends_on": [
            "aws_s3_bucket.AWS-secgame-mission1-evilcorp-evilbucket"
          ]
        }
      ]
    },
    {
      "mode": "managed",
      "type": "aws_s3_bucket_object",
      "name": "extremely-evil-git-folder21",
      "provider": "provider.aws",
      "instances": [
        {
          "schema_version": 0,
          "attributes": {
            "acl": "public-read",
            "bucket": "evilcorp-evilbucket-1123581321",
            "cache_control": "",
            "content": null,
            "content_base64": null,
            "content_disposition": "",
            "content_encoding": "",
            "content_language": "",
            "content_type": "binary/octet-stream",
            "etag": "ebbc3d34db4e6a449f0c76c62dc4a54e",
            "force_destroy": false,
            "id": ".git/objects/bd/b84a59910b0f297ed97d6d84446221fc4b5c57",
            "key": ".git/objects/bd/b84a59910b0f297ed97d6d84446221fc4b5c57",
            "kms_key_id": null,
            "metadata": null,
            "object_lock_legal_hold_status": "",
            "object_lock_mode": "",
            "object_lock_retain_until_date": "",
            "server_side_encryption": "",
            "source": "../evilcorp-evilbucket-data/.git/objects/bd/b84a59910b0f297ed97d6d84446221fc4b5c57",
            "storage_class": "STANDARD",
            "tags": {
              "Name": "AWS-secgame-mission1-evilcorp-evilbucket-data-1123581321"
            },
            "version_id": "",
            "website_redirect": ""
          },
          "private": "bnVsbA==",
          "depends_on": [
            "aws_s3_bucket.AWS-secgame-mission1-evilcorp-evilbucket"
          ]
        }
      ]
    },
    {
      "mode": "managed",
      "type": "aws_s3_bucket_object",
      "name": "extremely-evil-git-folder22",
      "provider": "provider.aws",
      "instances": [
        {
          "schema_version": 0,
          "attributes": {
            "acl": "public-read",
            "bucket": "evilcorp-evilbucket-1123581321",
            "cache_control": "",
            "content": null,
            "content_base64": null,
            "content_disposition": "",
            "content_encoding": "",
            "content_language": "",
            "content_type": "binary/octet-stream",
            "etag": "f6530c225047fedc5515cf4609485743",
            "force_destroy": false,
            "id": ".git/logs/HEAD",
            "key": ".git/logs/HEAD",
            "kms_key_id": null,
            "metadata": null,
            "object_lock_legal_hold_status": "",
            "object_lock_mode": "",
            "object_lock_retain_until_date": "",
            "server_side_encryption": "",
            "source": "../evilcorp-evilbucket-data/.git/logs/HEAD",
            "storage_class": "STANDARD",
            "tags": {
              "Name": "AWS-secgame-mission1-evilcorp-evilbucket-data-1123581321"
            },
            "version_id": "",
            "website_redirect": ""
          },
          "private": "bnVsbA==",
          "depends_on": [
            "aws_s3_bucket.AWS-secgame-mission1-evilcorp-evilbucket"
          ]
        }
      ]
    },
    {
      "mode": "managed",
      "type": "aws_s3_bucket_object",
      "name": "extremely-evil-git-folder23",
      "provider": "provider.aws",
      "instances": [
        {
          "schema_version": 0,
          "attributes": {
            "acl": "public-read",
            "bucket": "evilcorp-evilbucket-1123581321",
            "cache_control": "",
            "content": null,
            "content_base64": null,
            "content_disposition": "",
            "content_encoding": "",
            "content_language": "",
            "content_type": "binary/octet-stream",
            "etag": "f6530c225047fedc5515cf4609485743",
            "force_destroy": false,
            "id": ".git/logs/refs/heads/master",
            "key": ".git/logs/refs/heads/master",
            "kms_key_id": null,
            "metadata": null,
            "object_lock_legal_hold_status": "",
            "object_lock_mode": "",
            "object_lock_retain_until_date": "",
            "server_side_encryption": "",
            "source": "../evilcorp-evilbucket-data/.git/logs/refs/heads/master",
            "storage_class": "STANDARD",
            "tags": {
              "Name": "AWS-secgame-mission1-evilcorp-evilbucket-data-1123581321"
            },
            "version_id": "",
            "website_redirect": ""
          },
          "private": "bnVsbA==",
          "depends_on": [
            "aws_s3_bucket.AWS-secgame-mission1-evilcorp-evilbucket"
          ]
        }
      ]
    },
    {
      "mode": "managed",
      "type": "aws_s3_bucket_object",
      "name": "extremely-evil-git-folder24",
      "provider": "provider.aws",
      "instances": [
        {
          "schema_version": 0,
          "attributes": {
            "acl": "public-read",
            "bucket": "evilcorp-evilbucket-1123581321",
            "cache_control": "",
            "content": null,
            "content_base64": null,
            "content_disposition": "",
            "content_encoding": "",
            "content_language": "",
            "content_type": "binary/octet-stream",
            "etag": "5b603c2c0801a9ded3b79159fc38b404",
            "force_destroy": false,
            "id": ".git/config",
            "key": ".git/config",
            "kms_key_id": null,
            "metadata": null,
            "object_lock_legal_hold_status": "",
            "object_lock_mode": "",
            "object_lock_retain_until_date": "",
            "server_side_encryption": "",
            "source": "../evilcorp-evilbucket-data/.git/config",
            "storage_class": "STANDARD",
            "tags": {
              "Name": "AWS-secgame-mission1-evilcorp-evilbucket-data-1123581321"
            },
            "version_id": "",
            "website_redirect": ""
          },
          "private": "bnVsbA==",
          "depends_on": [
            "aws_s3_bucket.AWS-secgame-mission1-evilcorp-evilbucket"
          ]
        }
      ]
    },
    {
      "mode": "managed",
      "type": "aws_s3_bucket_object",
      "name": "extremely-evil-git-folder25",
      "provider": "provider.aws",
      "instances": [
        {
          "schema_version": 0,
          "attributes": {
            "acl": "public-read",
            "bucket": "evilcorp-evilbucket-1123581321",
            "cache_control": "",
            "content": null,
            "content_base64": null,
            "content_disposition": "",
            "content_encoding": "",
            "content_language": "",
            "content_type": "binary/octet-stream",
            "etag": "bdac6159624a8cba6f0cb744fd39e1c9",
            "force_destroy": false,
            "id": ".git/COMMIT_EDITMSG",
            "key": ".git/COMMIT_EDITMSG",
            "kms_key_id": null,
            "metadata": null,
            "object_lock_legal_hold_status": "",
            "object_lock_mode": "",
            "object_lock_retain_until_date": "",
            "server_side_encryption": "",
            "source": "../evilcorp-evilbucket-data/.git/COMMIT_EDITMSG",
            "storage_class": "STANDARD",
            "tags": {
              "Name": "AWS-secgame-mission1-evilcorp-evilbucket-data-1123581321"
            },
            "version_id": "",
            "website_redirect": ""
          },
          "private": "bnVsbA==",
          "depends_on": [
            "aws_s3_bucket.AWS-secgame-mission1-evilcorp-evilbucket"
          ]
        }
      ]
    },
    {
      "mode": "managed",
      "type": "aws_s3_bucket_object",
      "name": "extremely-evil-git-folder26",
      "provider": "provider.aws",
      "instances": [
        {
          "schema_version": 0,
          "attributes": {
            "acl": "public-read",
            "bucket": "evilcorp-evilbucket-1123581321",
            "cache_control": "",
            "content": null,
            "content_base64": null,
            "content_disposition": "",
            "content_encoding": "",
            "content_language": "",
            "content_type": "binary/octet-stream",
            "etag": "4acb7d4fb2592330d0f3c67958339a24",
            "force_destroy": false,
            "id": ".git/index",
            "key": ".git/index",
            "kms_key_id": null,
            "metadata": null,
            "object_lock_legal_hold_status": "",
            "object_lock_mode": "",
            "object_lock_retain_until_date": "",
            "server_side_encryption": "",
            "source": "../evilcorp-evilbucket-data/.git/index",
            "storage_class": "STANDARD",
            "tags": {
              "Name": "AWS-secgame-mission1-evilcorp-evilbucket-data-1123581321"
            },
            "version_id": "",
            "website_redirect": ""
          },
          "private": "bnVsbA==",
          "depends_on": [
            "aws_s3_bucket.AWS-secgame-mission1-evilcorp-evilbucket"
          ]
        }
      ]
    },
    {
      "mode": "managed",
      "type": "aws_s3_bucket_object",
      "name": "extremely-evil-git-folder27",
      "provider": "provider.aws",
      "instances": [
        {
          "schema_version": 0,
          "attributes": {
            "acl": "public-read",
            "bucket": "evilcorp-evilbucket-1123581321",
            "cache_control": "",
            "content": null,
            "content_base64": null,
            "content_disposition": "",
            "content_encoding": "",
            "content_language": "",
            "content_type": "binary/octet-stream",
            "etag": "036208b4a1ab4a235d75c181e685e5a3",
            "force_destroy": false,
            "id": ".git/info/exclude",
            "key": ".git/info/exclude",
            "kms_key_id": null,
            "metadata": null,
            "object_lock_legal_hold_status": "",
            "object_lock_mode": "",
            "object_lock_retain_until_date": "",
            "server_side_encryption": "",
            "source": "../evilcorp-evilbucket-data/.git/info/exclude",
            "storage_class": "STANDARD",
            "tags": {
              "Name": "AWS-secgame-mission1-evilcorp-evilbucket-data-1123581321"
            },
            "version_id": "",
            "website_redirect": ""
          },
          "private": "bnVsbA==",
          "depends_on": [
            "aws_s3_bucket.AWS-secgame-mission1-evilcorp-evilbucket"
          ]
        }
      ]
    },
    {
      "mode": "managed",
      "type": "aws_s3_bucket_object",
      "name": "extremely-evil-git-folder28",
      "provider": "provider.aws",
      "instances": [
        {
          "schema_version": 0,
          "attributes": {
            "acl": "public-read",
            "bucket": "evilcorp-evilbucket-1123581321",
            "cache_control": "",
            "content": null,
            "content_base64": null,
            "content_disposition": "",
            "content_encoding": "",
            "content_language": "",
            "content_type": "binary/octet-stream",
            "etag": "67ea0e4600697ce243f7c6dde140f8b3",
            "force_destroy": false,
            "id": ".git/refs/heads/master",
            "key": ".git/refs/heads/master",
            "kms_key_id": null,
            "metadata": null,
            "object_lock_legal_hold_status": "",
            "object_lock_mode": "",
            "object_lock_retain_until_date": "",
            "server_side_encryption": "",
            "source": "../evilcorp-evilbucket-data/.git/refs/heads/master",
            "storage_class": "STANDARD",
            "tags": {
              "Name": "AWS-secgame-mission1-evilcorp-evilbucket-data-1123581321"
            },
            "version_id": "",
            "website_redirect": ""
          },
          "private": "bnVsbA==",
          "depends_on": [
            "aws_s3_bucket.AWS-secgame-mission1-evilcorp-evilbucket"
          ]
        }
      ]
    },
    {
      "mode": "managed",
      "type": "aws_s3_bucket_object",
      "name": "extremely-evil-git-folder3",
      "provider": "provider.aws",
      "instances": [
        {
          "schema_version": 0,
          "attributes": {
            "acl": "public-read",
            "bucket": "evilcorp-evilbucket-1123581321",
            "cache_control": "",
            "content": null,
            "content_base64": null,
            "content_disposition": "",
            "content_encoding": "",
            "content_language": "",
            "content_type": "binary/octet-stream",
            "etag": "2b5c047bdb474555e1787db32b2d2fc5",
            "force_destroy": false,
            "id": ".git/hooks/prepare-commit-msg.sample",
            "key": ".git/hooks/prepare-commit-msg.sample",
            "kms_key_id": null,
            "metadata": null,
            "object_lock_legal_hold_status": "",
            "object_lock_mode": "",
            "object_lock_retain_until_date": "",
            "server_side_encryption": "",
            "source": "../evilcorp-evilbucket-data/.git/hooks/prepare-commit-msg.sample",
            "storage_class": "STANDARD",
            "tags": {
              "Name": "AWS-secgame-mission1-evilcorp-evilbucket-data-1123581321"
            },
            "version_id": "",
            "website_redirect": ""
          },
          "private": "bnVsbA==",
          "depends_on": [
            "aws_s3_bucket.AWS-secgame-mission1-evilcorp-evilbucket"
          ]
        }
      ]
    },
    {
      "mode": "managed",
      "type": "aws_s3_bucket_object",
      "name": "extremely-evil-git-folder4",
      "provider": "provider.aws",
      "instances": [
        {
          "schema_version": 0,
          "attributes": {
            "acl": "public-read",
            "bucket": "evilcorp-evilbucket-1123581321",
            "cache_control": "",
            "content": null,
            "content_base64": null,
            "content_disposition": "",
            "content_encoding": "",
            "content_language": "",
            "content_type": "binary/octet-stream",
            "etag": "56e45f2bcbc8226d2b4200f7c46371bf",
            "force_destroy": false,
            "id": ".git/hooks/pre-rebase.sample",
            "key": ".git/hooks/pre-rebase.sample",
            "kms_key_id": null,
            "metadata": null,
            "object_lock_legal_hold_status": "",
            "object_lock_mode": "",
            "object_lock_retain_until_date": "",
            "server_side_encryption": "",
            "source": "../evilcorp-evilbucket-data/.git/hooks/pre-rebase.sample",
            "storage_class": "STANDARD",
            "tags": {
              "Name": "AWS-secgame-mission1-evilcorp-evilbucket-data-1123581321"
            },
            "version_id": "",
            "website_redirect": ""
          },
          "private": "bnVsbA==",
          "depends_on": [
            "aws_s3_bucket.AWS-secgame-mission1-evilcorp-evilbucket"
          ]
        }
      ]
    },
    {
      "mode": "managed",
      "type": "aws_s3_bucket_object",
      "name": "extremely-evil-git-folder5",
      "provider": "provider.aws",
      "instances": [
        {
          "schema_version": 0,
          "attributes": {
            "acl": "public-read",
            "bucket": "evilcorp-evilbucket-1123581321",
            "cache_control": "",
            "content": null,
            "content_base64": null,
            "content_disposition": "",
            "content_encoding": "",
            "content_language": "",
            "content_type": "binary/octet-stream",
            "etag": "2ad18ec82c20af7b5926ed9cea6aeedd",
            "force_destroy": false,
            "id": ".git/hooks/pre-receive.sample",
            "key": ".git/hooks/pre-receive.sample",
            "kms_key_id": null,
            "metadata": null,
            "object_lock_legal_hold_status": "",
            "object_lock_mode": "",
            "object_lock_retain_until_date": "",
            "server_side_encryption": "",
            "source": "../evilcorp-evilbucket-data/.git/hooks/pre-receive.sample",
            "storage_class": "STANDARD",
            "tags": {
              "Name": "AWS-secgame-mission1-evilcorp-evilbucket-data-1123581321"
            },
            "version_id": "",
            "website_redirect": ""
          },
          "private": "bnVsbA==",
          "depends_on": [
            "aws_s3_bucket.AWS-secgame-mission1-evilcorp-evilbucket"
          ]
        }
      ]
    },
    {
      "mode": "managed",
      "type": "aws_s3_bucket_object",
      "name": "extremely-evil-git-folder6",
      "provider": "provider.aws",
      "instances": [
        {
          "schema_version": 0,
          "attributes": {
            "acl": "public-read",
            "bucket": "evilcorp-evilbucket-1123581321",
            "cache_control": "",
            "content": null,
            "content_base64": null,
            "content_disposition": "",
            "content_encoding": "",
            "content_language": "",
            "content_type": "binary/octet-stream",
            "etag": "3c5989301dd4b949dfa1f43738a22819",
            "force_destroy": false,
            "id": ".git/hooks/pre-push.sample",
            "key": ".git/hooks/pre-push.sample",
            "kms_key_id": null,
            "metadata": null,
            "object_lock_legal_hold_status": "",
            "object_lock_mode": "",
            "object_lock_retain_until_date": "",
            "server_side_encryption": "",
            "source": "../evilcorp-evilbucket-data/.git/hooks/pre-push.sample",
            "storage_class": "STANDARD",
            "tags": {
              "Name": "AWS-secgame-mission1-evilcorp-evilbucket-data-1123581321"
            },
            "version_id": "",
            "website_redirect": ""
          },
          "private": "bnVsbA==",
          "depends_on": [
            "aws_s3_bucket.AWS-secgame-mission1-evilcorp-evilbucket"
          ]
        }
      ]
    },
    {
      "mode": "managed",
      "type": "aws_s3_bucket_object",
      "name": "extremely-evil-git-folder7",
      "provider": "provider.aws",
      "instances": [
        {
          "schema_version": 0,
          "attributes": {
            "acl": "public-read",
            "bucket": "evilcorp-evilbucket-1123581321",
            "cache_control": "",
            "content": null,
            "content_base64": null,
            "content_disposition": "",
            "content_encoding": "",
            "content_language": "",
            "content_type": "binary/octet-stream",
            "etag": "ce562e08d8098926a3862fc6e7905199",
            "force_destroy": false,
            "id": ".git/hooks/applypatch-msg.sample",
            "key": ".git/hooks/applypatch-msg.sample",
            "kms_key_id": null,
            "metadata": null,
            "object_lock_legal_hold_status": "",
            "object_lock_mode": "",
            "object_lock_retain_until_date": "",
            "server_side_encryption": "",
            "source": "../evilcorp-evilbucket-data/.git/hooks/applypatch-msg.sample",
            "storage_class": "STANDARD",
            "tags": {
              "Name": "AWS-secgame-mission1-evilcorp-evilbucket-data-1123581321"
            },
            "version_id": "",
            "website_redirect": ""
          },
          "private": "bnVsbA==",
          "depends_on": [
            "aws_s3_bucket.AWS-secgame-mission1-evilcorp-evilbucket"
          ]
        }
      ]
    },
    {
      "mode": "managed",
      "type": "aws_s3_bucket_object",
      "name": "extremely-evil-git-folder8",
      "provider": "provider.aws",
      "instances": [
        {
          "schema_version": 0,
          "attributes": {
            "acl": "public-read",
            "bucket": "evilcorp-evilbucket-1123581321",
            "cache_control": "",
            "content": null,
            "content_base64": null,
            "content_disposition": "",
            "content_encoding": "",
            "content_language": "",
            "content_type": "binary/octet-stream",
            "etag": "2b7ea5cee3c49ff53d41e00785eb974c",
            "force_destroy": false,
            "id": ".git/hooks/post-update.sample",
            "key": ".git/hooks/post-update.sample",
            "kms_key_id": null,
            "metadata": null,
            "object_lock_legal_hold_status": "",
            "object_lock_mode": "",
            "object_lock_retain_until_date": "",
            "server_side_encryption": "",
            "source": "../evilcorp-evilbucket-data/.git/hooks/post-update.sample",
            "storage_class": "STANDARD",
            "tags": {
              "Name": "AWS-secgame-mission1-evilcorp-evilbucket-data-1123581321"
            },
            "version_id": "",
            "website_redirect": ""
          },
          "private": "bnVsbA==",
          "depends_on": [
            "aws_s3_bucket.AWS-secgame-mission1-evilcorp-evilbucket"
          ]
        }
      ]
    },
    {
      "mode": "managed",
      "type": "aws_s3_bucket_object",
      "name": "extremely-evil-git-folder9",
      "provider": "provider.aws",
      "instances": [
        {
          "schema_version": 0,
          "attributes": {
            "acl": "public-read",
            "bucket": "evilcorp-evilbucket-1123581321",
            "cache_control": "",
            "content": null,
            "content_base64": null,
            "content_disposition": "",
            "content_encoding": "",
            "content_language": "",
            "content_type": "binary/octet-stream",
            "etag": "e4db8c12ee125a8a085907b757359ef0",
            "force_destroy": false,
            "id": ".git/hooks/pre-commit.sample",
            "key": ".git/hooks/pre-commit.sample",
            "kms_key_id": null,
            "metadata": null,
            "object_lock_legal_hold_status": "",
            "object_lock_mode": "",
            "object_lock_retain_until_date": "",
            "server_side_encryption": "",
            "source": "../evilcorp-evilbucket-data/.git/hooks/pre-commit.sample",
            "storage_class": "STANDARD",
            "tags": {
              "Name": "AWS-secgame-mission1-evilcorp-evilbucket-data-1123581321"
            },
            "version_id": "",
            "website_redirect": ""
          },
          "private": "bnVsbA==",
          "depends_on": [
            "aws_s3_bucket.AWS-secgame-mission1-evilcorp-evilbucket"
          ]
        }
      ]
    }
  ]
}
